# This file is automatically @generated by Cargo.
# It is not intended for manual editing.
[[package]]
name = "interpreter"
version = "0.1.0"

[[package]]
name = "parity-wasm"
version = "0.42.1"
source = "registry+https://github.com/rust-lang/crates.io-index"
checksum = "d17797de36b94bc5f73edad736fd0a77ce5ab64dd622f809c1eead8c91fa6564"

[[package]]
name = "trap"
version = "0.1.0"
dependencies = [
 "parity-wasm",
]
